
Microsoft Visual Studio Solution File, Format Version 12.00
# Visual Studio Version 17
VisualStudioVersion = 17.0.32112.339
MinimumVisualStudioVersion = 10.0.40219.1
Project("{FAE04EC0-301F-11D3-BF4B-00C04F79EFBC}") = "PlanetsAndSpaceShips", "PlanetsAndSpaceShips\PlanetsAndSpaceShips.csproj", "{5B707BAB-3F6F-4E06-8B57-A3ED1ADF879D}"
EndProject
Global
	GlobalSection(SolutionConfigurationPlatforms) = preSolution
		Debug|Any CPU = Debug|Any CPU
		Release|Any CPU = Release|Any CPU
	EndGlobalSection
	GlobalSection(ProjectConfigurationPlatforms) = postSolution
		{5B707BAB-3F6F-4E06-8B57-A3ED1ADF879D}.Debug|Any CPU.ActiveCfg = Debug|Any CPU
		{5B707BAB-3F6F-4E06-8B57-A3ED1ADF879D}.Debug|Any CPU.Build.0 = Debug|Any CPU
		{5B707BAB-3F6F-4E06-8B57-A3ED1ADF879D}.Release|Any CPU.ActiveCfg = Release|Any CPU
		{5B707BAB-3F6F-4E06-8B57-A3ED1ADF879D}.Release|Any CPU.Build.0 = Release|Any CPU
	EndGlobalSection
	GlobalSection(SolutionProperties) = preSolution
		HideSolutionNode = FALSE
	EndGlobalSection
	GlobalSection(ExtensibilityGlobals) = postSolution
		SolutionGuid = {D11E1C01-7CA2-4E14-AB7A-D4E155FC5184}
	EndGlobalSection
EndGlobal
